
Microsoft Visual Studio Solution File, Format Version 12.00
# Visual Studio Version 17
VisualStudioVersion = 17.11.35312.102
MinimumVisualStudioVersion = 10.0.40219.1
Project("{FAE04EC0-301F-11D3-BF4B-00C04F79EFBC}") = "balkeTech", "balkeTech\balkeTech.csproj", "{A89686A4-7C25-4C27-8F48-030E41ED056C}"
EndProject
Global
	GlobalSection(SolutionConfigurationPlatforms) = preSolution
		Debug|Any CPU = Debug|Any CPU
		Release|Any CPU = Release|Any CPU
	EndGlobalSection
	GlobalSection(ProjectConfigurationPlatforms) = postSolution
		{A89686A4-7C25-4C27-8F48-030E41ED056C}.Debug|Any CPU.ActiveCfg = Debug|Any CPU
		{A89686A4-7C25-4C27-8F48-030E41ED056C}.Debug|Any CPU.Build.0 = Debug|Any CPU
		{A89686A4-7C25-4C27-8F48-030E41ED056C}.Release|Any CPU.ActiveCfg = Release|Any CPU
		{A89686A4-7C25-4C27-8F48-030E41ED056C}.Release|Any CPU.Build.0 = Release|Any CPU
	EndGlobalSection
	GlobalSection(SolutionProperties) = preSolution
		HideSolutionNode = FALSE
	EndGlobalSection
	GlobalSection(ExtensibilityGlobals) = postSolution
		SolutionGuid = {A76E3BC9-3EE7-43EE-908A-8D1143A79E69}
	EndGlobalSection
EndGlobal
